<?xml version="1.0" encoding="utf-8"?>
<Project ToolsVersion="4.0" xmlns="http://schemas.microsoft.com/developer/msbuild/2003">
  <ItemGroup>
    <Filter Include="Source Files">
      <UniqueIdentifier>{4FC737F1-C7A5-4376-A066-2A32D752A2FF}</UniqueIdentifier>
      <Extensions>cpp;c;cc;cxx;def;odl;idl;hpj;bat;asm;asmx</Extensions>
    </Filter>
    <Filter Include="Header Files">
      <UniqueIdentifier>{93995380-89BD-4b04-88EB-625FBE52EBFB}</UniqueIdentifier>
      <Extensions>h;hh;hpp;hxx;hm;inl;inc;xsd</Extensions>
    </Filter>
    <Filter Include="Resource Files">
      <UniqueIdentifier>{D9D6E242-F8AF-46E4-B9FD-80ECBC20BA3E}</UniqueIdentifier>
      <Extensions>qrc;*</Extensions>
      <ParseFiles>false</ParseFiles>
    </Filter>
    <Filter Include="Form Files">
      <UniqueIdentifier>{99349809-55BA-4b9d-BF79-8FDBB0286EB3}</UniqueIdentifier>
      <Extensions>ui</Extensions>
    </Filter>
    <Filter Include="Resource Files">
      <UniqueIdentifier>{D9D6E242-F8AF-46E4-B9FD-80ECBC20BA3E}</UniqueIdentifier>
      <Extensions>qrc;*</Extensions>
      <ParseFiles>false</ParseFiles>
    </Filter>
  </ItemGroup>
  <ItemGroup>
    <ClCompile Include="main.cpp">
      <Filter>Source Files</Filter>
    </ClCompile>
    <ClCompile Include="libsys.cpp">
      <Filter>Source Files</Filter>
    </ClCompile>
    <ClCompile Include="Login_win.cpp">
      <Filter>Source Files</Filter>
    </ClCompile>
    <ClCompile Include="myapi.cpp">
      <Filter>Source Files</Filter>
    </ClCompile>
    <ClCompile Include="msgbox.cpp">
      <Filter>Source Files</Filter>
    </ClCompile>
    <ClCompile Include="Del_win.cpp">
      <Filter>Source Files</Filter>
    </ClCompile>
    <ClCompile Include="Add_win.cpp">
      <Filter>Source Files</Filter>
    </ClCompile>
  </ItemGroup>
  <ItemGroup>
    <QtMoc Include="libsys.h">
      <Filter>Header Files</Filter>
    </QtMoc>
    <QtMoc Include="Login_win.h">
      <Filter>Header Files</Filter>
    </QtMoc>
    <QtMoc Include="msgbox.h">
      <Filter>Header Files</Filter>
    </QtMoc>
    <QtMoc Include="Del_win.h">
      <Filter>Header Files</Filter>
    </QtMoc>
    <QtMoc Include="Add_win.h">
      <Filter>Header Files</Filter>
    </QtMoc>
  </ItemGroup>
  <ItemGroup>
    <QtUic Include="libsys.ui">
      <Filter>Form Files</Filter>
    </QtUic>
    <QtUic Include="Login_win.ui">
      <Filter>Form Files</Filter>
    </QtUic>
    <QtUic Include="msgbox.ui">
      <Filter>Form Files</Filter>
    </QtUic>
    <QtUic Include="Del_win.ui">
      <Filter>Form Files</Filter>
    </QtUic>
    <QtUic Include="Add_win.ui">
      <Filter>Form Files</Filter>
    </QtUic>
  </ItemGroup>
  <ItemGroup>
    <QtRcc Include="libsys.qrc">
      <Filter>Resource Files</Filter>
    </QtRcc>
  </ItemGroup>
  <ItemGroup>
    <ClInclude Include="x64\Debug\uic\ui_libsys.h">
      <Filter>Header Files</Filter>
    </ClInclude>
    <ClInclude Include="x64\Debug\uic\ui_Login_win.h">
      <Filter>Header Files</Filter>
    </ClInclude>
    <ClInclude Include="myapi.h">
      <Filter>Header Files</Filter>
    </ClInclude>
    <ClInclude Include="reader.h">
      <Filter>Header Files</Filter>
    </ClInclude>
    <ClInclude Include="x64\Debug\uic\ui_msgbox.h">
      <Filter>Header Files</Filter>
    </ClInclude>
    <ClInclude Include="x64\Debug\uic\ui_Del_win.h">
      <Filter>Header Files</Filter>
    </ClInclude>
    <ClInclude Include="x64\Debug\uic\ui_Add_win.h">
      <Filter>Header Files</Filter>
    </ClInclude>
  </ItemGroup>
</Project>